{
  "name": "code-review-nvim-voice",
  "version": "0.1.0",
  "lockfileVersion": 3,
  "requires": true,
  "packages": {
    "": {
      "name": "code-review-nvim-voice",
      "version": "0.1.0",
      "dependencies": {
        "decibri": "^3.4.0"
      },
      "devDependencies": {
        "@types/node": "^24.12.4",
        "typescript": "^5.9.3"
      },
      "engines": {
        "node": ">=20"
      }
    },
    "node_modules/@decibri/decibri-darwin-arm64": {
      "version": "3.4.0",
      "resolved": "https://registry.npmjs.org/@decibri/decibri-darwin-arm64/-/decibri-darwin-arm64-3.4.0.tgz",
      "integrity": "sha512-Ty6B0hqgR89djtYY2Kmsvv835aocqQDp+cqvJxrRUqVRR4bOSpR4zfpmsoxrRdLxyuVQlxgYYg5QhOo1Q1r/Fw==",
      "cpu": [
        "arm64"
      ],
      "license": "Apache-2.0",
      "optional": true,
      "os": [
        "darwin"
      ]
    },
    "node_modules/@decibri/decibri-linux-arm64-gnu": {
      "version": "3.4.0",
      "resolved": "https://registry.npmjs.org/@decibri/decibri-linux-arm64-gnu/-/decibri-linux-arm64-gnu-3.4.0.tgz",
      "integrity": "sha512-wH5bvA54tDwltrq134gtfFIbA9S3ez3v56keeiJXEkN3EnB3/4NpeqWUqr2hq96LCgCwnm7qKYrSRH6Rud4ZIQ==",
      "cpu": [
        "arm64"
      ],
      "license": "Apache-2.0",
      "optional": true,
      "os": [
        "linux"
      ]
    },
    "node_modules/@decibri/decibri-linux-x64-gnu": {
      "version": "3.4.0",
      "resolved": "https://registry.npmjs.org/@decibri/decibri-linux-x64-gnu/-/decibri-linux-x64-gnu-3.4.0.tgz",
      "integrity": "sha512-tKTz4hZkjLDeyji1F4MMiyOknwx7S7oUYoJR6+fZA9qAL5Nik19Eo5dWGNgiK42HjzFYHNQcls3uZFiOaNB9yQ==",
      "cpu": [
        "x64"
      ],
      "license": "Apache-2.0",
      "optional": true,
      "os": [
        "linux"
      ]
    },
    "node_modules/@decibri/decibri-win32-x64-msvc": {
      "version": "3.4.0",
      "resolved": "https://registry.npmjs.org/@decibri/decibri-win32-x64-msvc/-/decibri-win32-x64-msvc-3.4.0.tgz",
      "integrity": "sha512-iiTWWd+JNsVope/agvm6v+Pw8hVQCtZoOfwoMVkAGboP3Hc/DGBDTMnJiaa+IbQiRRAJ2ua9F/iTKRWgOBIgBg==",
      "cpu": [
        "x64"
      ],
      "license": "Apache-2.0",
      "optional": true,
      "os": [
        "win32"
      ]
    },
    "node_modules/@types/node": {
      "version": "24.12.4",
      "resolved": "https://registry.npmjs.org/@types/node/-/node-24.12.4.tgz",
      "integrity": "sha512-GUUEShf+PBCGW2KaXwcIt3Yk+e3pkKwWKb9GSyM9WQVE+ep2jzmHdGsHzu4wgcZy5fN9FBdVzjpBQsYlpfpgLA==",
      "dev": true,
      "license": "MIT",
      "dependencies": {
        "undici-types": "~7.16.0"
      }
    },
    "node_modules/decibri": {
      "version": "3.4.0",
      "resolved": "https://registry.npmjs.org/decibri/-/decibri-3.4.0.tgz",
      "integrity": "sha512-2knmvgkyzojLlbywgA2scDprxN26Bk0bYssZSDAsKf8h8Bdh445nh0ytN9oD0x2mFlJ1Ypg4te3//j8Ia1QfBw==",
      "cpu": [
        "x64",
        "arm64"
      ],
      "license": "Apache-2.0",
      "os": [
        "win32",
        "darwin",
        "linux"
      ],
      "engines": {
        "node": ">=18.0.0"
      },
      "optionalDependencies": {
        "@decibri/decibri-darwin-arm64": "3.4.0",
        "@decibri/decibri-linux-arm64-gnu": "3.4.0",
        "@decibri/decibri-linux-x64-gnu": "3.4.0",
        "@decibri/decibri-win32-x64-msvc": "3.4.0"
      }
    },
    "node_modules/typescript": {
      "version": "5.9.3",
      "resolved": "https://registry.npmjs.org/typescript/-/typescript-5.9.3.tgz",
      "integrity": "sha512-jl1vZzPDinLr9eUt3J/t7V6FgNEw9QjvBPdysz9KfQDD41fQrC2Y4vKQdiaUpFT4bXlb1RHhLpp8wtm6M5TgSw==",
      "dev": true,
      "license": "Apache-2.0",
      "bin": {
        "tsc": "bin/tsc",
        "tsserver": "bin/tsserver"
      },
      "engines": {
        "node": ">=14.17"
      }
    },
    "node_modules/undici-types": {
      "version": "7.16.0",
      "resolved": "https://registry.npmjs.org/undici-types/-/undici-types-7.16.0.tgz",
      "integrity": "sha512-Zz+aZWSj8LE6zoxD+xrjh4VfkIG8Ya6LvYkZqtUQGJPZjYl53ypCaUwWqo7eI0x66KBGeRo+mlBEkMSeSZ38Nw==",
      "dev": true,
      "license": "MIT"
    }
  }
}
